Microsoft Visual Studio Solution File, Format Version 12.00
# Visual Studio Version 17
VisualStudioVersion = 17.5.2.0
MinimumVisualStudioVersion = 10.0.40219.1
Project("{FAE04EC0-301F-11D3-BF4B-00C04F79EFBC}") = "Lottery.Backend", "Lottery.Backend\Lottery.Backend.csproj", "{657855C9-20A6-897E-9A29-A5BF3692B2E4}"
EndProject
Global
	GlobalSection(SolutionConfigurationPlatforms) = preSolution
		Debug|Any CPU = Debug|Any CPU
		Release|Any CPU = Release|Any CPU
	EndGlobalSection
	GlobalSection(ProjectConfigurationPlatforms) = postSolution
		{657855C9-20A6-897E-9A29-A5BF3692B2E4}.Debug|Any CPU.ActiveCfg = Debug|Any CPU
		{657855C9-20A6-897E-9A29-A5BF3692B2E4}.Debug|Any CPU.Build.0 = Debug|Any CPU
		{657855C9-20A6-897E-9A29-A5BF3692B2E4}.Release|Any CPU.ActiveCfg = Release|Any CPU
		{657855C9-20A6-897E-9A29-A5BF3692B2E4}.Release|Any CPU.Build.0 = Release|Any CPU
	EndGlobalSection
	GlobalSection(SolutionProperties) = preSolution
		HideSolutionNode = FALSE
	EndGlobalSection
	GlobalSection(ExtensibilityGlobals) = postSolution
		SolutionGuid = {E666653F-76B5-48C6-A60D-0817F5A850F8}
	EndGlobalSection
EndGlobal
